// !$*UTF8*$!
{
	archiveVersion = 1;
	classes = {
	};
	objectVersion = 56;
	objects = {

/* Begin PBXBuildFile section */
		6601DA382C88BA5D00EBADDA /* GoogleService-Info.plist in Resources */ = {isa = PBXBuildFile; fileRef = 6601DA372C88BA5D00EBADDA /* GoogleService-Info.plist */; };
		6601DA3B2C88C0B400EBADDA /* FirebaseDatabase in Frameworks */ = {isa = PBXBuildFile; productRef = 6601DA3A2C88C0B400EBADDA /* FirebaseDatabase */; };
		6601DA3D2C88C0B400EBADDA /* FirebaseFirestore in Frameworks */ = {isa = PBXBuildFile; productRef = 6601DA3C2C88C0B400EBADDA /* FirebaseFirestore */; };
		6601DA3F2C88C0B400EBADDA /* FirebaseMessaging in Frameworks */ = {isa = PBXBuildFile; productRef = 6601DA3E2C88C0B400EBADDA /* FirebaseMessaging */; };
		6601DA412C88C0B400EBADDA /* FirebaseStorage in Frameworks */ = {isa = PBXBuildFile; productRef = 6601DA402C88C0B400EBADDA /* FirebaseStorage */; };
		6601DA432C88DA2800EBADDA /* MainView.swift in Sources */ = {isa = PBXBuildFile; fileRef = 6601DA422C88DA2800EBADDA /* MainView.swift */; };
		6601DA462C88DA6100EBADDA /* SettingsView.swift in Sources */ = {isa = PBXBuildFile; fileRef = 6601DA452C88DA6100EBADDA /* SettingsView.swift */; };
		6601DA492C88DA7D00EBADDA /* FavoriteListView.swift in Sources */ = {isa = PBXBuildFile; fileRef = 6601DA482C88DA7D00EBADDA /* FavoriteListView.swift */; };
		6601DA4D2C88DAC700EBADDA /* MainVM.swift in Sources */ = {isa = PBXBuildFile; fileRef = 6601DA4C2C88DAC700EBADDA /* MainVM.swift */; };
		6601DA502C88E49C00EBADDA /* OpenAiBody.swift in Sources */ = {isa = PBXBuildFile; fileRef = 6601DA4F2C88E49C00EBADDA /* OpenAiBody.swift */; };
		6601DA522C88E4A700EBADDA /* OpenAiResponse.swift in Sources */ = {isa = PBXBuildFile; fileRef = 6601DA512C88E4A700EBADDA /* OpenAiResponse.swift */; };
		6601DA542C88E6CB00EBADDA /* OpenAiMessage.swift in Sources */ = {isa = PBXBuildFile; fileRef = 6601DA532C88E6CB00EBADDA /* OpenAiMessage.swift */; };
		6601DA562C88EC5E00EBADDA /* Resolver.swift in Sources */ = {isa = PBXBuildFile; fileRef = 6601DA552C88EC5E00EBADDA /* Resolver.swift */; };
		6639942C2C93092800570E56 /* Adapty in Frameworks */ = {isa = PBXBuildFile; productRef = 6639942B2C93092800570E56 /* Adapty */; };
		6639942E2C93092800570E56 /* AdaptyUI in Frameworks */ = {isa = PBXBuildFile; productRef = 6639942D2C93092800570E56 /* AdaptyUI */; };
		663994302C9333E200570E56 /* TherapistList.swift in Sources */ = {isa = PBXBuildFile; fileRef = 6639942F2C9333E200570E56 /* TherapistList.swift */; };
		663994332C93378600570E56 /* TherapistsView.swift in Sources */ = {isa = PBXBuildFile; fileRef = 663994322C93378600570E56 /* TherapistsView.swift */; };
		663994352C9345DC00570E56 /* SubscriptionService.swift in Sources */ = {isa = PBXBuildFile; fileRef = 663994342C9345DC00570E56 /* SubscriptionService.swift */; };
		663994372C93460000570E56 /* View.swift in Sources */ = {isa = PBXBuildFile; fileRef = 663994362C93460000570E56 /* View.swift */; };
		6677EA352C68661A00210D6A /* NetworkClient.swift in Sources */ = {isa = PBXBuildFile; fileRef = 6677EA342C68661A00210D6A /* NetworkClient.swift */; };
		6677EA372C68662B00210D6A /* ApiEndpoint.swift in Sources */ = {isa = PBXBuildFile; fileRef = 6677EA362C68662B00210D6A /* ApiEndpoint.swift */; };
		6677EA392C68664200210D6A /* CONSTANTS.swift in Sources */ = {isa = PBXBuildFile; fileRef = 6677EA382C68664200210D6A /* CONSTANTS.swift */; };
		6677EA3C2C6868C200210D6A /* Alamofire in Frameworks */ = {isa = PBXBuildFile; productRef = 6677EA3B2C6868C200210D6A /* Alamofire */; };
		6677EA3E2C68697F00210D6A /* ChatRepo.swift in Sources */ = {isa = PBXBuildFile; fileRef = 6677EA3D2C68697F00210D6A /* ChatRepo.swift */; };
		6677EA412C68699B00210D6A /* Resolver in Frameworks */ = {isa = PBXBuildFile; productRef = 6677EA402C68699B00210D6A /* Resolver */; };
		6677EA432C686A3400210D6A /* AuthDelegate.swift in Sources */ = {isa = PBXBuildFile; fileRef = 6677EA422C686A3400210D6A /* AuthDelegate.swift */; };
		6677EA462C68751500210D6A /* GoogleSignIn in Frameworks */ = {isa = PBXBuildFile; productRef = 6677EA452C68751500210D6A /* GoogleSignIn */; };
		66936FCC2C6265D9005B4D07 /* Color.swift in Sources */ = {isa = PBXBuildFile; fileRef = 66936FCB2C6265D9005B4D07 /* Color.swift */; };
		66936FCE2C6275B2005B4D07 /* Font.swift in Sources */ = {isa = PBXBuildFile; fileRef = 66936FCD2C6275B2005B4D07 /* Font.swift */; };
		66936FD02C633915005B4D07 /* Collection.swift in Sources */ = {isa = PBXBuildFile; fileRef = 66936FCF2C633915005B4D07 /* Collection.swift */; };
		66936FD52C633B50005B4D07 /* Inter-Bold.ttf in Resources */ = {isa = PBXBuildFile; fileRef = 66936FD12C633B4D005B4D07 /* Inter-Bold.ttf */; };
		66936FD62C633B53005B4D07 /* Inter-Medium.ttf in Resources */ = {isa = PBXBuildFile; fileRef = 66936FD22C633B4D005B4D07 /* Inter-Medium.ttf */; };
		66936FD72C633B56005B4D07 /* Inter-Regular.ttf in Resources */ = {isa = PBXBuildFile; fileRef = 66936FD32C633B4D005B4D07 /* Inter-Regular.ttf */; };
		66936FD82C633B5A005B4D07 /* Inter-SemiBold.ttf in Resources */ = {isa = PBXBuildFile; fileRef = 66936FD42C633B4D005B4D07 /* Inter-SemiBold.ttf */; };
		66936FDC2C633C43005B4D07 /* OnboardingView.swift in Sources */ = {isa = PBXBuildFile; fileRef = 66936FDB2C633C43005B4D07 /* OnboardingView.swift */; };
		66936FDF2C634370005B4D07 /* OnboardingItemView.swift in Sources */ = {isa = PBXBuildFile; fileRef = 66936FDE2C634370005B4D07 /* OnboardingItemView.swift */; };
		66936FE42C63450F005B4D07 /* Localizable.strings in Resources */ = {isa = PBXBuildFile; fileRef = 66936FE22C63450F005B4D07 /* Localizable.strings */; };
		66936FE72C6346F2005B4D07 /* LoginView.swift in Sources */ = {isa = PBXBuildFile; fileRef = 66936FE62C6346F2005B4D07 /* LoginView.swift */; };
		66936FE92C6346FA005B4D07 /* LoginVM.swift in Sources */ = {isa = PBXBuildFile; fileRef = 66936FE82C6346FA005B4D07 /* LoginVM.swift */; };
		66936FEC2C635034005B4D07 /* PurchaseView.swift in Sources */ = {isa = PBXBuildFile; fileRef = 66936FEB2C635034005B4D07 /* PurchaseView.swift */; };
		66936FEE2C635042005B4D07 /* PurchaseItemView.swift in Sources */ = {isa = PBXBuildFile; fileRef = 66936FED2C635042005B4D07 /* PurchaseItemView.swift */; };
		66936FF12C648E9B005B4D07 /* Defaults.swift in Sources */ = {isa = PBXBuildFile; fileRef = 66936FF02C648E9B005B4D07 /* Defaults.swift */; };
		66936FF62C64921D005B4D07 /* ChatlistItemView.swift in Sources */ = {isa = PBXBuildFile; fileRef = 66936FF52C64921D005B4D07 /* ChatlistItemView.swift */; };
		66936FFA2C64A65B005B4D07 /* ChatView.swift in Sources */ = {isa = PBXBuildFile; fileRef = 66936FF92C64A65B005B4D07 /* ChatView.swift */; };
		66936FFD2C64AAB5005B4D07 /* ChatVM.swift in Sources */ = {isa = PBXBuildFile; fileRef = 66936FFC2C64AAB5005B4D07 /* ChatVM.swift */; };
		66936FFF2C64AB3F005B4D07 /* TextMsgItem.swift in Sources */ = {isa = PBXBuildFile; fileRef = 66936FFE2C64AB3F005B4D07 /* TextMsgItem.swift */; };
		66BF7C6F2C6DF2500048D8B6 /* FirestoreManager.swift in Sources */ = {isa = PBXBuildFile; fileRef = 66BF7C6E2C6DF2500048D8B6 /* FirestoreManager.swift */; };
		66BF7C712C6DF4390048D8B6 /* User.swift in Sources */ = {isa = PBXBuildFile; fileRef = 66BF7C702C6DF4390048D8B6 /* User.swift */; };
		66BF7C732C6DF4410048D8B6 /* Message.swift in Sources */ = {isa = PBXBuildFile; fileRef = 66BF7C722C6DF4410048D8B6 /* Message.swift */; };
		66BF7C752C6E2AF80048D8B6 /* Therapist.swift in Sources */ = {isa = PBXBuildFile; fileRef = 66BF7C742C6E2AF80048D8B6 /* Therapist.swift */; };
		66BF7C772C6E2B2C0048D8B6 /* Tag.swift in Sources */ = {isa = PBXBuildFile; fileRef = 66BF7C762C6E2B2C0048D8B6 /* Tag.swift */; };
		66BF7C792C6E8B910048D8B6 /* Encodable.swift in Sources */ = {isa = PBXBuildFile; fileRef = 66BF7C782C6E8B910048D8B6 /* Encodable.swift */; };
		66EE1FE82C5E20A20022E10C /* AITherapistApp.swift in Sources */ = {isa = PBXBuildFile; fileRef = 66EE1FE72C5E20A20022E10C /* AITherapistApp.swift */; };
		66EE1FEA2C5E20A20022E10C /* ChatlistView.swift in Sources */ = {isa = PBXBuildFile; fileRef = 66EE1FE92C5E20A20022E10C /* ChatlistView.swift */; };
		66EE1FEC2C5E20A30022E10C /* Assets.xcassets in Resources */ = {isa = PBXBuildFile; fileRef = 66EE1FEB2C5E20A30022E10C /* Assets.xcassets */; };
		66EE1FF02C5E20A30022E10C /* Preview Assets.xcassets in Resources */ = {isa = PBXBuildFile; fileRef = 66EE1FEF2C5E20A30022E10C /* Preview Assets.xcassets */; };
		66EE1FFA2C5E20A30022E10C /* AITherapistTests.swift in Sources */ = {isa = PBXBuildFile; fileRef = 66EE1FF92C5E20A30022E10C /* AITherapistTests.swift */; };
		66EE20042C5E20A30022E10C /* AITherapistUITests.swift in Sources */ = {isa = PBXBuildFile; fileRef = 66EE20032C5E20A30022E10C /* AITherapistUITests.swift */; };
		66EE20062C5E20A30022E10C /* AITherapistUITestsLaunchTests.swift in Sources */ = {isa = PBXBuildFile; fileRef = 66EE20052C5E20A30022E10C /* AITherapistUITestsLaunchTests.swift */; };
/* End PBXBuildFile section */

/* Begin PBXContainerItemProxy section */
		66EE1FF62C5E20A30022E10C /* PBXContainerItemProxy */ = {
			isa = PBXContainerItemProxy;
			containerPortal = 66EE1FDC2C5E20A20022E10C /* Project object */;
			proxyType = 1;
			remoteGlobalIDString = 66EE1FE32C5E20A20022E10C;
			remoteInfo = AITherapist;
		};
		66EE20002C5E20A30022E10C /* PBXContainerItemProxy */ = {
			isa = PBXContainerItemProxy;
			containerPortal = 66EE1FDC2C5E20A20022E10C /* Project object */;
			proxyType = 1;
			remoteGlobalIDString = 66EE1FE32C5E20A20022E10C;
			remoteInfo = AITherapist;
		};
/* End PBXContainerItemProxy section */

/* Begin PBXFileReference section */
		6601DA372C88BA5D00EBADDA /* GoogleService-Info.plist */ = {isa = PBXFileReference; fileEncoding = 4; lastKnownFileType = text.plist.xml; path = "GoogleService-Info.plist"; sourceTree = "<group>"; };
		6601DA422C88DA2800EBADDA /* MainView.swift */ = {isa = PBXFileReference; lastKnownFileType = sourcecode.swift; path = MainView.swift; sourceTree = "<group>"; };
		6601DA452C88DA6100EBADDA /* SettingsView.swift */ = {isa = PBXFileReference; lastKnownFileType = sourcecode.swift; path = SettingsView.swift; sourceTree = "<group>"; };
		6601DA482C88DA7D00EBADDA /* FavoriteListView.swift */ = {isa = PBXFileReference; lastKnownFileType = sourcecode.swift; path = FavoriteListView.swift; sourceTree = "<group>"; };
		6601DA4C2C88DAC700EBADDA /* MainVM.swift */ = {isa = PBXFileReference; lastKnownFileType = sourcecode.swift; path = MainVM.swift; sourceTree = "<group>"; };
		6601DA4F2C88E49C00EBADDA /* OpenAiBody.swift */ = {isa = PBXFileReference; lastKnownFileType = sourcecode.swift; path = OpenAiBody.swift; sourceTree = "<group>"; };
		6601DA512C88E4A700EBADDA /* OpenAiResponse.swift */ = {isa = PBXFileReference; lastKnownFileType = sourcecode.swift; path = OpenAiResponse.swift; sourceTree = "<group>"; };
		6601DA532C88E6CB00EBADDA /* OpenAiMessage.swift */ = {isa = PBXFileReference; lastKnownFileType = sourcecode.swift; path = OpenAiMessage.swift; sourceTree = "<group>"; };
		6601DA552C88EC5E00EBADDA /* Resolver.swift */ = {isa = PBXFileReference; lastKnownFileType = sourcecode.swift; path = Resolver.swift; sourceTree = "<group>"; };
		6639942F2C9333E200570E56 /* TherapistList.swift */ = {isa = PBXFileReference; lastKnownFileType = sourcecode.swift; path = TherapistList.swift; sourceTree = "<group>"; };
		663994322C93378600570E56 /* TherapistsView.swift */ = {isa = PBXFileReference; lastKnownFileType = sourcecode.swift; path = TherapistsView.swift; sourceTree = "<group>"; };
		663994342C9345DC00570E56 /* SubscriptionService.swift */ = {isa = PBXFileReference; lastKnownFileType = sourcecode.swift; path = SubscriptionService.swift; sourceTree = "<group>"; };
		663994362C93460000570E56 /* View.swift */ = {isa = PBXFileReference; lastKnownFileType = sourcecode.swift; path = View.swift; sourceTree = "<group>"; };
		6677EA342C68661A00210D6A /* NetworkClient.swift */ = {isa = PBXFileReference; lastKnownFileType = sourcecode.swift; path = NetworkClient.swift; sourceTree = "<group>"; };
		6677EA362C68662B00210D6A /* ApiEndpoint.swift */ = {isa = PBXFileReference; lastKnownFileType = sourcecode.swift; path = ApiEndpoint.swift; sourceTree = "<group>"; };
		6677EA382C68664200210D6A /* CONSTANTS.swift */ = {isa = PBXFileReference; lastKnownFileType = sourcecode.swift; path = CONSTANTS.swift; sourceTree = "<group>"; };
		6677EA3D2C68697F00210D6A /* ChatRepo.swift */ = {isa = PBXFileReference; lastKnownFileType = sourcecode.swift; path = ChatRepo.swift; sourceTree = "<group>"; };
		6677EA422C686A3400210D6A /* AuthDelegate.swift */ = {isa = PBXFileReference; lastKnownFileType = sourcecode.swift; path = AuthDelegate.swift; sourceTree = "<group>"; };
		66936FCB2C6265D9005B4D07 /* Color.swift */ = {isa = PBXFileReference; lastKnownFileType = sourcecode.swift; path = Color.swift; sourceTree = "<group>"; };
		66936FCD2C6275B2005B4D07 /* Font.swift */ = {isa = PBXFileReference; lastKnownFileType = sourcecode.swift; path = Font.swift; sourceTree = "<group>"; };
		66936FCF2C633915005B4D07 /* Collection.swift */ = {isa = PBXFileReference; lastKnownFileType = sourcecode.swift; path = Collection.swift; sourceTree = "<group>"; };
		66936FD12C633B4D005B4D07 /* Inter-Bold.ttf */ = {isa = PBXFileReference; lastKnownFileType = file; path = "Inter-Bold.ttf"; sourceTree = "<group>"; };
		66936FD22C633B4D005B4D07 /* Inter-Medium.ttf */ = {isa = PBXFileReference; lastKnownFileType = file; path = "Inter-Medium.ttf"; sourceTree = "<group>"; };
		66936FD32C633B4D005B4D07 /* Inter-Regular.ttf */ = {isa = PBXFileReference; lastKnownFileType = file; path = "Inter-Regular.ttf"; sourceTree = "<group>"; };
		66936FD42C633B4D005B4D07 /* Inter-SemiBold.ttf */ = {isa = PBXFileReference; lastKnownFileType = file; path = "Inter-SemiBold.ttf"; sourceTree = "<group>"; };
		66936FDA2C633BDB005B4D07 /* Info.plist */ = {isa = PBXFileReference; lastKnownFileType = text.plist; path = Info.plist; sourceTree = "<group>"; };
		66936FDB2C633C43005B4D07 /* OnboardingView.swift */ = {isa = PBXFileReference; lastKnownFileType = sourcecode.swift; path = OnboardingView.swift; sourceTree = "<group>"; };
		66936FDE2C634370005B4D07 /* OnboardingItemView.swift */ = {isa = PBXFileReference; lastKnownFileType = sourcecode.swift; path = OnboardingItemView.swift; sourceTree = "<group>"; };
		66936FE32C63450F005B4D07 /* en */ = {isa = PBXFileReference; lastKnownFileType = text.plist.strings; name = en; path = en.lproj/Localizable.strings; sourceTree = "<group>"; };
		66936FE62C6346F2005B4D07 /* LoginView.swift */ = {isa = PBXFileReference; lastKnownFileType = sourcecode.swift; path = LoginView.swift; sourceTree = "<group>"; };
		66936FE82C6346FA005B4D07 /* LoginVM.swift */ = {isa = PBXFileReference; lastKnownFileType = sourcecode.swift; path = LoginVM.swift; sourceTree = "<group>"; };
		66936FEB2C635034005B4D07 /* PurchaseView.swift */ = {isa = PBXFileReference; lastKnownFileType = sourcecode.swift; path = PurchaseView.swift; sourceTree = "<group>"; };
		66936FED2C635042005B4D07 /* PurchaseItemView.swift */ = {isa = PBXFileReference; lastKnownFileType = sourcecode.swift; path = PurchaseItemView.swift; sourceTree = "<group>"; };
		66936FF02C648E9B005B4D07 /* Defaults.swift */ = {isa = PBXFileReference; lastKnownFileType = sourcecode.swift; path = Defaults.swift; sourceTree = "<group>"; };
		66936FF52C64921D005B4D07 /* ChatlistItemView.swift */ = {isa = PBXFileReference; lastKnownFileType = sourcecode.swift; path = ChatlistItemView.swift; sourceTree = "<group>"; };
		66936FF92C64A65B005B4D07 /* ChatView.swift */ = {isa = PBXFileReference; lastKnownFileType = sourcecode.swift; path = ChatView.swift; sourceTree = "<group>"; };
		66936FFC2C64AAB5005B4D07 /* ChatVM.swift */ = {isa = PBXFileReference; lastKnownFileType = sourcecode.swift; path = ChatVM.swift; sourceTree = "<group>"; };
		66936FFE2C64AB3F005B4D07 /* TextMsgItem.swift */ = {isa = PBXFileReference; lastKnownFileType = sourcecode.swift; path = TextMsgItem.swift; sourceTree = "<group>"; };
		66BF7C6E2C6DF2500048D8B6 /* FirestoreManager.swift */ = {isa = PBXFileReference; lastKnownFileType = sourcecode.swift; path = FirestoreManager.swift; sourceTree = "<group>"; };
		66BF7C702C6DF4390048D8B6 /* User.swift */ = {isa = PBXFileReference; lastKnownFileType = sourcecode.swift; path = User.swift; sourceTree = "<group>"; };
		66BF7C722C6DF4410048D8B6 /* Message.swift */ = {isa = PBXFileReference; lastKnownFileType = sourcecode.swift; path = Message.swift; sourceTree = "<group>"; };
		66BF7C742C6E2AF80048D8B6 /* Therapist.swift */ = {isa = PBXFileReference; lastKnownFileType = sourcecode.swift; path = Therapist.swift; sourceTree = "<group>"; };
		66BF7C762C6E2B2C0048D8B6 /* Tag.swift */ = {isa = PBXFileReference; lastKnownFileType = sourcecode.swift; path = Tag.swift; sourceTree = "<group>"; };
		66BF7C782C6E8B910048D8B6 /* Encodable.swift */ = {isa = PBXFileReference; lastKnownFileType = sourcecode.swift; path = Encodable.swift; sourceTree = "<group>"; };
		66EE1FE42C5E20A20022E10C /* AITherapist.app */ = {isa = PBXFileReference; explicitFileType = wrapper.application; includeInIndex = 0; path = AITherapist.app; sourceTree = BUILT_PRODUCTS_DIR; };
		66EE1FE72C5E20A20022E10C /* AITherapistApp.swift */ = {isa = PBXFileReference; lastKnownFileType = sourcecode.swift; path = AITherapistApp.swift; sourceTree = "<group>"; };
		66EE1FE92C5E20A20022E10C /* ChatlistView.swift */ = {isa = PBXFileReference; lastKnownFileType = sourcecode.swift; path = ChatlistView.swift; sourceTree = "<group>"; };
		66EE1FEB2C5E20A30022E10C /* Assets.xcassets */ = {isa = PBXFileReference; lastKnownFileType = folder.assetcatalog; path = Assets.xcassets; sourceTree = "<group>"; };
		66EE1FED2C5E20A30022E10C /* AITherapist.entitlements */ = {isa = PBXFileReference; lastKnownFileType = text.plist.entitlements; path = AITherapist.entitlements; sourceTree = "<group>"; };
		66EE1FEF2C5E20A30022E10C /* Preview Assets.xcassets */ = {isa = PBXFileReference; lastKnownFileType = folder.assetcatalog; path = "Preview Assets.xcassets"; sourceTree = "<group>"; };
		66EE1FF52C5E20A30022E10C /* AITherapistTests.xctest */ = {isa = PBXFileReference; explicitFileType = wrapper.cfbundle; includeInIndex = 0; path = AITherapistTests.xctest; sourceTree = BUILT_PRODUCTS_DIR; };
		66EE1FF92C5E20A30022E10C /* AITherapistTests.swift */ = {isa = PBXFileReference; lastKnownFileType = sourcecode.swift; path = AITherapistTests.swift; sourceTree = "<group>"; };
		66EE1FFF2C5E20A30022E10C /* AITherapistUITests.xctest */ = {isa = PBXFileReference; explicitFileType = wrapper.cfbundle; includeInIndex = 0; path = AITherapistUITests.xctest; sourceTree = BUILT_PRODUCTS_DIR; };
		66EE20032C5E20A30022E10C /* AITherapistUITests.swift */ = {isa = PBXFileReference; lastKnownFileType = sourcecode.swift; path = AITherapistUITests.swift; sourceTree = "<group>"; };
		66EE20052C5E20A30022E10C /* AITherapistUITestsLaunchTests.swift */ = {isa = PBXFileReference; lastKnownFileType = sourcecode.swift; path = AITherapistUITestsLaunchTests.swift; sourceTree = "<group>"; };
/* End PBXFileReference section */

/* Begin PBXFrameworksBuildPhase section */
		66EE1FE12C5E20A20022E10C /* Frameworks */ = {
			isa = PBXFrameworksBuildPhase;
			buildActionMask = 2147483647;
			files = (
				6639942E2C93092800570E56 /* AdaptyUI in Frameworks */,
				6601DA3F2C88C0B400EBADDA /* FirebaseMessaging in Frameworks */,
				6639942C2C93092800570E56 /* Adapty in Frameworks */,
				6677EA412C68699B00210D6A /* Resolver in Frameworks */,
				6677EA3C2C6868C200210D6A /* Alamofire in Frameworks */,
				6601DA3B2C88C0B400EBADDA /* FirebaseDatabase in Frameworks */,
				6601DA412C88C0B400EBADDA /* FirebaseStorage in Frameworks */,
				6601DA3D2C88C0B400EBADDA /* FirebaseFirestore in Frameworks */,
				6677EA462C68751500210D6A /* GoogleSignIn in Frameworks */,
			);
			runOnlyForDeploymentPostprocessing = 0;
		};
		66EE1FF22C5E20A30022E10C /* Frameworks */ = {
			isa = PBXFrameworksBuildPhase;
			buildActionMask = 2147483647;
			files = (
			);
			runOnlyForDeploymentPostprocessing = 0;
		};
		66EE1FFC2C5E20A30022E10C /* Frameworks */ = {
			isa = PBXFrameworksBuildPhase;
			buildActionMask = 2147483647;
			files = (
			);
			runOnlyForDeploymentPostprocessing = 0;
		};
/* End PBXFrameworksBuildPhase section */

/* Begin PBXGroup section */
		6601DA442C88DA5500EBADDA /* Settings */ = {
			isa = PBXGroup;
			children = (
				6601DA452C88DA6100EBADDA /* SettingsView.swift */,
			);
			path = Settings;
			sourceTree = "<group>";
		};
		6601DA472C88DA6B00EBADDA /* FavoriteList */ = {
			isa = PBXGroup;
			children = (
				6601DA482C88DA7D00EBADDA /* FavoriteListView.swift */,
			);
			path = FavoriteList;
			sourceTree = "<group>";
		};
		6601DA4E2C88DACB00EBADDA /* Main */ = {
			isa = PBXGroup;
			children = (
				6601DA422C88DA2800EBADDA /* MainView.swift */,
				6601DA4C2C88DAC700EBADDA /* MainVM.swift */,
			);
			path = Main;
			sourceTree = "<group>";
		};
		663994312C93376700570E56 /* Therapist */ = {
			isa = PBXGroup;
			children = (
				663994322C93378600570E56 /* TherapistsView.swift */,
				6639942F2C9333E200570E56 /* TherapistList.swift */,
			);
			path = Therapist;
			sourceTree = "<group>";
		};
		66936FC62C60DE47005B4D07 /* Presentation */ = {
			isa = PBXGroup;
			children = (
				663994342C9345DC00570E56 /* SubscriptionService.swift */,
				66EE1FE72C5E20A20022E10C /* AITherapistApp.swift */,
				6601DA4E2C88DACB00EBADDA /* Main */,
				66936FDD2C63435F005B4D07 /* Onboarding */,
				66936FE52C6346E2005B4D07 /* Login */,
				663994312C93376700570E56 /* Therapist */,
				66936FF42C64920C005B4D07 /* Chatlist */,
				6601DA472C88DA6B00EBADDA /* FavoriteList */,
				66936FFB2C64A65E005B4D07 /* Chat */,
				66936FEA2C635004005B4D07 /* Purchase */,
				6601DA442C88DA5500EBADDA /* Settings */,
			);
			path = Presentation;
			sourceTree = "<group>";
		};
		66936FC72C626585005B4D07 /* Domain */ = {
			isa = PBXGroup;
			children = (
				6677EA3D2C68697F00210D6A /* ChatRepo.swift */,
				66BF7C6E2C6DF2500048D8B6 /* FirestoreManager.swift */,
			);
			path = Domain;
			sourceTree = "<group>";
		};
		66936FC82C626593005B4D07 /* Data */ = {
			isa = PBXGroup;
			children = (
				6677EA342C68661A00210D6A /* NetworkClient.swift */,
				6677EA362C68662B00210D6A /* ApiEndpoint.swift */,
				66BF7C762C6E2B2C0048D8B6 /* Tag.swift */,
				66BF7C742C6E2AF80048D8B6 /* Therapist.swift */,
				66BF7C702C6DF4390048D8B6 /* User.swift */,
				66BF7C722C6DF4410048D8B6 /* Message.swift */,
				6601DA4F2C88E49C00EBADDA /* OpenAiBody.swift */,
				6601DA512C88E4A700EBADDA /* OpenAiResponse.swift */,
				6601DA532C88E6CB00EBADDA /* OpenAiMessage.swift */,
			);
			path = Data;
			sourceTree = "<group>";
		};
		66936FC92C62659D005B4D07 /* Core */ = {
			isa = PBXGroup;
			children = (
				66936FCA2C6265BB005B4D07 /* Extentions */,
				66936FF02C648E9B005B4D07 /* Defaults.swift */,
			);
			path = Core;
			sourceTree = "<group>";
		};
		66936FCA2C6265BB005B4D07 /* Extentions */ = {
			isa = PBXGroup;
			children = (
				66936FCB2C6265D9005B4D07 /* Color.swift */,
				66936FCD2C6275B2005B4D07 /* Font.swift */,
				66936FCF2C633915005B4D07 /* Collection.swift */,
				66BF7C782C6E8B910048D8B6 /* Encodable.swift */,
				6601DA552C88EC5E00EBADDA /* Resolver.swift */,
				663994362C93460000570E56 /* View.swift */,
			);
			path = Extentions;
			sourceTree = "<group>";
		};
		66936FD92C633B5F005B4D07 /* Fonts */ = {
			isa = PBXGroup;
			children = (
				66936FD12C633B4D005B4D07 /* Inter-Bold.ttf */,
				66936FD22C633B4D005B4D07 /* Inter-Medium.ttf */,
				66936FD32C633B4D005B4D07 /* Inter-Regular.ttf */,
				66936FD42C633B4D005B4D07 /* Inter-SemiBold.ttf */,
			);
			path = Fonts;
			sourceTree = "<group>";
		};
		66936FDD2C63435F005B4D07 /* Onboarding */ = {
			isa = PBXGroup;
			children = (
				66936FDB2C633C43005B4D07 /* OnboardingView.swift */,
				66936FDE2C634370005B4D07 /* OnboardingItemView.swift */,
			);
			path = Onboarding;
			sourceTree = "<group>";
		};
		66936FE52C6346E2005B4D07 /* Login */ = {
			isa = PBXGroup;
			children = (
				66936FE82C6346FA005B4D07 /* LoginVM.swift */,
				66936FE62C6346F2005B4D07 /* LoginView.swift */,
				6677EA422C686A3400210D6A /* AuthDelegate.swift */,
			);
			path = Login;
			sourceTree = "<group>";
		};
		66936FEA2C635004005B4D07 /* Purchase */ = {
			isa = PBXGroup;
			children = (
				66936FEB2C635034005B4D07 /* PurchaseView.swift */,
				66936FED2C635042005B4D07 /* PurchaseItemView.swift */,
			);
			path = Purchase;
			sourceTree = "<group>";
		};
		66936FF42C64920C005B4D07 /* Chatlist */ = {
			isa = PBXGroup;
			children = (
				66EE1FE92C5E20A20022E10C /* ChatlistView.swift */,
				66936FF52C64921D005B4D07 /* ChatlistItemView.swift */,
			);
			path = Chatlist;
			sourceTree = "<group>";
		};
		66936FFB2C64A65E005B4D07 /* Chat */ = {
			isa = PBXGroup;
			children = (
				66936FFC2C64AAB5005B4D07 /* ChatVM.swift */,
				66936FF92C64A65B005B4D07 /* ChatView.swift */,
				66936FFE2C64AB3F005B4D07 /* TextMsgItem.swift */,
			);
			path = Chat;
			sourceTree = "<group>";
		};
		66EE1FDB2C5E20A20022E10C = {
			isa = PBXGroup;
			children = (
				66EE1FE62C5E20A20022E10C /* AITherapist */,
				66EE1FF82C5E20A30022E10C /* AITherapistTests */,
				66EE20022C5E20A30022E10C /* AITherapistUITests */,
				66EE1FE52C5E20A20022E10C /* Products */,
			);
			sourceTree = "<group>";
		};
		66EE1FE52C5E20A20022E10C /* Products */ = {
			isa = PBXGroup;
			children = (
				66EE1FE42C5E20A20022E10C /* AITherapist.app */,
				66EE1FF52C5E20A30022E10C /* AITherapistTests.xctest */,
				66EE1FFF2C5E20A30022E10C /* AITherapistUITests.xctest */,
			);
			name = Products;
			sourceTree = "<group>";
		};
		66EE1FE62C5E20A20022E10C /* AITherapist */ = {
			isa = PBXGroup;
			children = (
				6677EA382C68664200210D6A /* CONSTANTS.swift */,
				66936FDA2C633BDB005B4D07 /* Info.plist */,
				6601DA372C88BA5D00EBADDA /* GoogleService-Info.plist */,
				66936FC92C62659D005B4D07 /* Core */,
				66936FC82C626593005B4D07 /* Data */,
				66936FC72C626585005B4D07 /* Domain */,
				66936FC62C60DE47005B4D07 /* Presentation */,
				66936FD92C633B5F005B4D07 /* Fonts */,
				66EE1FEB2C5E20A30022E10C /* Assets.xcassets */,
				66EE1FED2C5E20A30022E10C /* AITherapist.entitlements */,
				66EE1FEE2C5E20A30022E10C /* Preview Content */,
				66936FE22C63450F005B4D07 /* Localizable.strings */,
			);
			path = AITherapist;
			sourceTree = "<group>";
		};
		66EE1FEE2C5E20A30022E10C /* Preview Content */ = {
			isa = PBXGroup;
			children = (
				66EE1FEF2C5E20A30022E10C /* Preview Assets.xcassets */,
			);
			path = "Preview Content";
			sourceTree = "<group>";
		};
		66EE1FF82C5E20A30022E10C /* AITherapistTests */ = {
			isa = PBXGroup;
			children = (
				66EE1FF92C5E20A30022E10C /* AITherapistTests.swift */,
			);
			path = AITherapistTests;
			sourceTree = "<group>";
		};
		66EE20022C5E20A30022E10C /* AITherapistUITests */ = {
			isa = PBXGroup;
			children = (
				66EE20032C5E20A30022E10C /* AITherapistUITests.swift */,
				66EE20052C5E20A30022E10C /* AITherapistUITestsLaunchTests.swift */,
			);
			path = AITherapistUITests;
			sourceTree = "<group>";
		};
/* End PBXGroup section */

/* Begin PBXNativeTarget section */
		66EE1FE32C5E20A20022E10C /* AITherapist */ = {
			isa = PBXNativeTarget;
			buildConfigurationList = 66EE20092C5E20A30022E10C /* Build configuration list for PBXNativeTarget "AITherapist" */;
			buildPhases = (
				66EE1FE02C5E20A20022E10C /* Sources */,
				66EE1FE12C5E20A20022E10C /* Frameworks */,
				66EE1FE22C5E20A20022E10C /* Resources */,
			);
			buildRules = (
			);
			dependencies = (
			);
			name = AITherapist;
			packageProductDependencies = (
				6677EA3B2C6868C200210D6A /* Alamofire */,
				6677EA402C68699B00210D6A /* Resolver */,
				6677EA452C68751500210D6A /* GoogleSignIn */,
				6601DA3A2C88C0B400EBADDA /* FirebaseDatabase */,
				6601DA3C2C88C0B400EBADDA /* FirebaseFirestore */,
				6601DA3E2C88C0B400EBADDA /* FirebaseMessaging */,
				6601DA402C88C0B400EBADDA /* FirebaseStorage */,
				6639942B2C93092800570E56 /* Adapty */,
				6639942D2C93092800570E56 /* AdaptyUI */,
			);
			productName = AITherapist;
			productReference = 66EE1FE42C5E20A20022E10C /* AITherapist.app */;
			productType = "com.apple.product-type.application";
		};
		66EE1FF42C5E20A30022E10C /* AITherapistTests */ = {
			isa = PBXNativeTarget;
			buildConfigurationList = 66EE200C2C5E20A30022E10C /* Build configuration list for PBXNativeTarget "AITherapistTests" */;
			buildPhases = (
				66EE1FF12C5E20A30022E10C /* Sources */,
				66EE1FF22C5E20A30022E10C /* Frameworks */,
				66EE1FF32C5E20A30022E10C /* Resources */,
			);
			buildRules = (
			);
			dependencies = (
				66EE1FF72C5E20A30022E10C /* PBXTargetDependency */,
			);
			name = AITherapistTests;
			productName = AITherapistTests;
			productReference = 66EE1FF52C5E20A30022E10C /* AITherapistTests.xctest */;
			productType = "com.apple.product-type.bundle.unit-test";
		};
		66EE1FFE2C5E20A30022E10C /* AITherapistUITests */ = {
			isa = PBXNativeTarget;
			buildConfigurationList = 66EE200F2C5E20A30022E10C /* Build configuration list for PBXNativeTarget "AITherapistUITests" */;
			buildPhases = (
				66EE1FFB2C5E20A30022E10C /* Sources */,
				66EE1FFC2C5E20A30022E10C /* Frameworks */,
				66EE1FFD2C5E20A30022E10C /* Resources */,
			);
			buildRules = (
			);
			dependencies = (
				66EE20012C5E20A30022E10C /* PBXTargetDependency */,
			);
			name = AITherapistUITests;
			productName = AITherapistUITests;
			productReference = 66EE1FFF2C5E20A30022E10C /* AITherapistUITests.xctest */;
			productType = "com.apple.product-type.bundle.ui-testing";
		};
/* End PBXNativeTarget section */

/* Begin PBXProject section */
		66EE1FDC2C5E20A20022E10C /* Project object */ = {
			isa = PBXProject;
			attributes = {
				BuildIndependentTargetsInParallel = 1;
				LastSwiftUpdateCheck = 1540;
				LastUpgradeCheck = 1540;
				TargetAttributes = {
					66EE1FE32C5E20A20022E10C = {
						CreatedOnToolsVersion = 15.4;
					};
					66EE1FF42C5E20A30022E10C = {
						CreatedOnToolsVersion = 15.4;
						TestTargetID = 66EE1FE32C5E20A20022E10C;
					};
					66EE1FFE2C5E20A30022E10C = {
						CreatedOnToolsVersion = 15.4;
						TestTargetID = 66EE1FE32C5E20A20022E10C;
					};
				};
			};
			buildConfigurationList = 66EE1FDF2C5E20A20022E10C /* Build configuration list for PBXProject "AITherapist" */;
			compatibilityVersion = "Xcode 14.0";
			developmentRegion = en;
			hasScannedForEncodings = 0;
			knownRegions = (
				en,
				Base,
			);
			mainGroup = 66EE1FDB2C5E20A20022E10C;
			packageReferences = (
				6677EA3A2C6868C200210D6A /* XCRemoteSwiftPackageReference "Alamofire" */,
				6677EA3F2C68699B00210D6A /* XCRemoteSwiftPackageReference "Resolver" */,
				6677EA442C68751500210D6A /* XCRemoteSwiftPackageReference "GoogleSignIn-iOS" */,
				6601DA392C88C0B400EBADDA /* XCRemoteSwiftPackageReference "firebase-ios-sdk" */,
				6639942A2C93092800570E56 /* XCRemoteSwiftPackageReference "AdaptySDK-iOS" */,
			);
			productRefGroup = 66EE1FE52C5E20A20022E10C /* Products */;
			projectDirPath = "";
			projectRoot = "";
			targets = (
				66EE1FE32C5E20A20022E10C /* AITherapist */,
				66EE1FF42C5E20A30022E10C /* AITherapistTests */,
				66EE1FFE2C5E20A30022E10C /* AITherapistUITests */,
			);
		};
/* End PBXProject section */

/* Begin PBXResourcesBuildPhase section */
		66EE1FE22C5E20A20022E10C /* Resources */ = {
			isa = PBXResourcesBuildPhase;
			buildActionMask = 2147483647;
			files = (
				66936FD82C633B5A005B4D07 /* Inter-SemiBold.ttf in Resources */,
				6601DA382C88BA5D00EBADDA /* GoogleService-Info.plist in Resources */,
				66936FD62C633B53005B4D07 /* Inter-Medium.ttf in Resources */,
				66936FD72C633B56005B4D07 /* Inter-Regular.ttf in Resources */,
				66936FE42C63450F005B4D07 /* Localizable.strings in Resources */,
				66936FD52C633B50005B4D07 /* Inter-Bold.ttf in Resources */,
				66EE1FF02C5E20A30022E10C /* Preview Assets.xcassets in Resources */,
				66EE1FEC2C5E20A30022E10C /* Assets.xcassets in Resources */,
			);
			runOnlyForDeploymentPostprocessing = 0;
		};
		66EE1FF32C5E20A30022E10C /* Resources */ = {
			isa = PBXResourcesBuildPhase;
			buildActionMask = 2147483647;
			files = (
			);
			runOnlyForDeploymentPostprocessing = 0;
		};
		66EE1FFD2C5E20A30022E10C /* Resources */ = {
			isa = PBXResourcesBuildPhase;
			buildActionMask = 2147483647;
			files = (
			);
			runOnlyForDeploymentPostprocessing = 0;
		};
/* End PBXResourcesBuildPhase section */

/* Begin PBXSourcesBuildPhase section */
		66EE1FE02C5E20A20022E10C /* Sources */ = {
			isa = PBXSourcesBuildPhase;
			buildActionMask = 2147483647;
			files = (
				6601DA502C88E49C00EBADDA /* OpenAiBody.swift in Sources */,
				66BF7C6F2C6DF2500048D8B6 /* FirestoreManager.swift in Sources */,
				6677EA372C68662B00210D6A /* ApiEndpoint.swift in Sources */,
				6601DA562C88EC5E00EBADDA /* Resolver.swift in Sources */,
				66936FCE2C6275B2005B4D07 /* Font.swift in Sources */,
				6677EA3E2C68697F00210D6A /* ChatRepo.swift in Sources */,
				66936FFF2C64AB3F005B4D07 /* TextMsgItem.swift in Sources */,
				663994332C93378600570E56 /* TherapistsView.swift in Sources */,
				6677EA392C68664200210D6A /* CONSTANTS.swift in Sources */,
				66936FDF2C634370005B4D07 /* OnboardingItemView.swift in Sources */,
				6601DA4D2C88DAC700EBADDA /* MainVM.swift in Sources */,
				66BF7C732C6DF4410048D8B6 /* Message.swift in Sources */,
				66936FF62C64921D005B4D07 /* ChatlistItemView.swift in Sources */,
				66936FD02C633915005B4D07 /* Collection.swift in Sources */,
				663994352C9345DC00570E56 /* SubscriptionService.swift in Sources */,
				6677EA352C68661A00210D6A /* NetworkClient.swift in Sources */,
				6601DA492C88DA7D00EBADDA /* FavoriteListView.swift in Sources */,
				6677EA432C686A3400210D6A /* AuthDelegate.swift in Sources */,
				66936FEE2C635042005B4D07 /* PurchaseItemView.swift in Sources */,
				66936FEC2C635034005B4D07 /* PurchaseView.swift in Sources */,
				6601DA462C88DA6100EBADDA /* SettingsView.swift in Sources */,
				66BF7C792C6E8B910048D8B6 /* Encodable.swift in Sources */,
				6601DA522C88E4A700EBADDA /* OpenAiResponse.swift in Sources */,
				66936FFA2C64A65B005B4D07 /* ChatView.swift in Sources */,
				66EE1FEA2C5E20A20022E10C /* ChatlistView.swift in Sources */,
				66936FDC2C633C43005B4D07 /* OnboardingView.swift in Sources */,
				663994372C93460000570E56 /* View.swift in Sources */,
				66936FFD2C64AAB5005B4D07 /* ChatVM.swift in Sources */,
				66936FE92C6346FA005B4D07 /* LoginVM.swift in Sources */,
				66EE1FE82C5E20A20022E10C /* AITherapistApp.swift in Sources */,
				66BF7C712C6DF4390048D8B6 /* User.swift in Sources */,
				66BF7C752C6E2AF80048D8B6 /* Therapist.swift in Sources */,
				663994302C9333E200570E56 /* TherapistList.swift in Sources */,
				6601DA542C88E6CB00EBADDA /* OpenAiMessage.swift in Sources */,
				66936FF12C648E9B005B4D07 /* Defaults.swift in Sources */,
				6601DA432C88DA2800EBADDA /* MainView.swift in Sources */,
				66BF7C772C6E2B2C0048D8B6 /* Tag.swift in Sources */,
				66936FE72C6346F2005B4D07 /* LoginView.swift in Sources */,
				66936FCC2C6265D9005B4D07 /* Color.swift in Sources */,
			);
			runOnlyForDeploymentPostprocessing = 0;
		};
		66EE1FF12C5E20A30022E10C /* Sources */ = {
			isa = PBXSourcesBuildPhase;
			buildActionMask = 2147483647;
			files = (
				66EE1FFA2C5E20A30022E10C /* AITherapistTests.swift in Sources */,
			);
			runOnlyForDeploymentPostprocessing = 0;
		};
		66EE1FFB2C5E20A30022E10C /* Sources */ = {
			isa = PBXSourcesBuildPhase;
			buildActionMask = 2147483647;
			files = (
				66EE20042C5E20A30022E10C /* AITherapistUITests.swift in Sources */,
				66EE20062C5E20A30022E10C /* AITherapistUITestsLaunchTests.swift in Sources */,
			);
			runOnlyForDeploymentPostprocessing = 0;
		};
/* End PBXSourcesBuildPhase section */

/* Begin PBXTargetDependency section */
		66EE1FF72C5E20A30022E10C /* PBXTargetDependency */ = {
			isa = PBXTargetDependency;
			target = 66EE1FE32C5E20A20022E10C /* AITherapist */;
			targetProxy = 66EE1FF62C5E20A30022E10C /* PBXContainerItemProxy */;
		};
		66EE20012C5E20A30022E10C /* PBXTargetDependency */ = {
			isa = PBXTargetDependency;
			target = 66EE1FE32C5E20A20022E10C /* AITherapist */;
			targetProxy = 66EE20002C5E20A30022E10C /* PBXContainerItemProxy */;
		};
/* End PBXTargetDependency section */

/* Begin PBXVariantGroup section */
		66936FE22C63450F005B4D07 /* Localizable.strings */ = {
			isa = PBXVariantGroup;
			children = (
				66936FE32C63450F005B4D07 /* en */,
			);
			name = Localizable.strings;
			sourceTree = "<group>";
		};
/* End PBXVariantGroup section */

/* Begin XCBuildConfiguration section */
		66EE20072C5E20A30022E10C /* Debug */ = {
			isa = XCBuildConfiguration;
			buildSettings = {
				ALWAYS_SEARCH_USER_PATHS = NO;
				ASSETCATALOG_COMPILER_GENERATE_SWIFT_ASSET_SYMBOL_EXTENSIONS = YES;
				CLANG_ANALYZER_NONNULL = YES;
				CLANG_ANALYZER_NUMBER_OBJECT_CONVERSION = YES_AGGRESSIVE;
				CLANG_CXX_LANGUAGE_STANDARD = "gnu++20";
				CLANG_ENABLE_MODULES = YES;
				CLANG_ENABLE_OBJC_ARC = YES;
				CLANG_ENABLE_OBJC_WEAK = YES;
				CLANG_WARN_BLOCK_CAPTURE_AUTORELEASING = YES;
				CLANG_WARN_BOOL_CONVERSION = YES;
				CLANG_WARN_COMMA = YES;
				CLANG_WARN_CONSTANT_CONVERSION = YES;
				CLANG_WARN_DEPRECATED_OBJC_IMPLEMENTATIONS = YES;
				CLANG_WARN_DIRECT_OBJC_ISA_USAGE = YES_ERROR;
				CLANG_WARN_DOCUMENTATION_COMMENTS = YES;
				CLANG_WARN_EMPTY_BODY = YES;
				CLANG_WARN_ENUM_CONVERSION = YES;
				CLANG_WARN_INFINITE_RECURSION = YES;
				CLANG_WARN_INT_CONVERSION = YES;
				CLANG_WARN_NON_LITERAL_NULL_CONVERSION = YES;
				CLANG_WARN_OBJC_IMPLICIT_RETAIN_SELF = YES;
				CLANG_WARN_OBJC_LITERAL_CONVERSION = YES;
				CLANG_WARN_OBJC_ROOT_CLASS = YES_ERROR;
				CLANG_WARN_QUOTED_INCLUDE_IN_FRAMEWORK_HEADER = YES;
				CLANG_WARN_RANGE_LOOP_ANALYSIS = YES;
				CLANG_WARN_STRICT_PROTOTYPES = YES;
				CLANG_WARN_SUSPICIOUS_MOVE = YES;
				CLANG_WARN_UNGUARDED_AVAILABILITY = YES_AGGRESSIVE;
				CLANG_WARN_UNREACHABLE_CODE = YES;
				CLANG_WARN__DUPLICATE_METHOD_MATCH = YES;
				COPY_PHASE_STRIP = NO;
				DEBUG_INFORMATION_FORMAT = dwarf;
				ENABLE_STRICT_OBJC_MSGSEND = YES;
				ENABLE_TESTABILITY = YES;
				ENABLE_USER_SCRIPT_SANDBOXING = YES;
				GCC_C_LANGUAGE_STANDARD = gnu17;
				GCC_DYNAMIC_NO_PIC = NO;
				GCC_NO_COMMON_BLOCKS = YES;
				GCC_OPTIMIZATION_LEVEL = 0;
				GCC_PREPROCESSOR_DEFINITIONS = (
					"DEBUG=1",
					"$(inherited)",
				);
				GCC_WARN_64_TO_32_BIT_CONVERSION = YES;
				GCC_WARN_ABOUT_RETURN_TYPE = YES_ERROR;
				GCC_WARN_UNDECLARED_SELECTOR = YES;
				GCC_WARN_UNINITIALIZED_AUTOS = YES_AGGRESSIVE;
				GCC_WARN_UNUSED_FUNCTION = YES;
				GCC_WARN_UNUSED_VARIABLE = YES;
				LOCALIZATION_PREFERS_STRING_CATALOGS = YES;
				MTL_ENABLE_DEBUG_INFO = INCLUDE_SOURCE;
				MTL_FAST_MATH = YES;
				ONLY_ACTIVE_ARCH = YES;
				SWIFT_ACTIVE_COMPILATION_CONDITIONS = "DEBUG $(inherited)";
				SWIFT_OPTIMIZATION_LEVEL = "-Onone";
			};
			name = Debug;
		};
		66EE20082C5E20A30022E10C /* Release */ = {
			isa = XCBuildConfiguration;
			buildSettings = {
				ALWAYS_SEARCH_USER_PATHS = NO;
				ASSETCATALOG_COMPILER_GENERATE_SWIFT_ASSET_SYMBOL_EXTENSIONS = YES;
				CLANG_ANALYZER_NONNULL = YES;
				CLANG_ANALYZER_NUMBER_OBJECT_CONVERSION = YES_AGGRESSIVE;
				CLANG_CXX_LANGUAGE_STANDARD = "gnu++20";
				CLANG_ENABLE_MODULES = YES;
				CLANG_ENABLE_OBJC_ARC = YES;
				CLANG_ENABLE_OBJC_WEAK = YES;
				CLANG_WARN_BLOCK_CAPTURE_AUTORELEASING = YES;
				CLANG_WARN_BOOL_CONVERSION = YES;
				CLANG_WARN_COMMA = YES;
				CLANG_WARN_CONSTANT_CONVERSION = YES;
				CLANG_WARN_DEPRECATED_OBJC_IMPLEMENTATIONS = YES;
				CLANG_WARN_DIRECT_OBJC_ISA_USAGE = YES_ERROR;
				CLANG_WARN_DOCUMENTATION_COMMENTS = YES;
				CLANG_WARN_EMPTY_BODY = YES;
				CLANG_WARN_ENUM_CONVERSION = YES;
				CLANG_WARN_INFINITE_RECURSION = YES;
				CLANG_WARN_INT_CONVERSION = YES;
				CLANG_WARN_NON_LITERAL_NULL_CONVERSION = YES;
				CLANG_WARN_OBJC_IMPLICIT_RETAIN_SELF = YES;
				CLANG_WARN_OBJC_LITERAL_CONVERSION = YES;
				CLANG_WARN_OBJC_ROOT_CLASS = YES_ERROR;
				CLANG_WARN_QUOTED_INCLUDE_IN_FRAMEWORK_HEADER = YES;
				CLANG_WARN_RANGE_LOOP_ANALYSIS = YES;
				CLANG_WARN_STRICT_PROTOTYPES = YES;
				CLANG_WARN_SUSPICIOUS_MOVE = YES;
				CLANG_WARN_UNGUARDED_AVAILABILITY = YES_AGGRESSIVE;
				CLANG_WARN_UNREACHABLE_CODE = YES;
				CLANG_WARN__DUPLICATE_METHOD_MATCH = YES;
				COPY_PHASE_STRIP = NO;
				DEBUG_INFORMATION_FORMAT = "dwarf-with-dsym";
				ENABLE_NS_ASSERTIONS = NO;
				ENABLE_STRICT_OBJC_MSGSEND = YES;
				ENABLE_USER_SCRIPT_SANDBOXING = YES;
				GCC_C_LANGUAGE_STANDARD = gnu17;
				GCC_NO_COMMON_BLOCKS = YES;
				GCC_WARN_64_TO_32_BIT_CONVERSION = YES;
				GCC_WARN_ABOUT_RETURN_TYPE = YES_ERROR;
				GCC_WARN_UNDECLARED_SELECTOR = YES;
				GCC_WARN_UNINITIALIZED_AUTOS = YES_AGGRESSIVE;
				GCC_WARN_UNUSED_FUNCTION = YES;
				GCC_WARN_UNUSED_VARIABLE = YES;
				LOCALIZATION_PREFERS_STRING_CATALOGS = YES;
				MTL_ENABLE_DEBUG_INFO = NO;
				MTL_FAST_MATH = YES;
				SWIFT_COMPILATION_MODE = wholemodule;
			};
			name = Release;
		};
		66EE200A2C5E20A30022E10C /* Debug */ = {
			isa = XCBuildConfiguration;
			buildSettings = {
				ASSETCATALOG_COMPILER_APPICON_NAME = AppIcon;
				ASSETCATALOG_COMPILER_GLOBAL_ACCENT_COLOR_NAME = AccentColor;
				CODE_SIGN_ENTITLEMENTS = AITherapist/AITherapist.entitlements;
				CODE_SIGN_STYLE = Automatic;
				CURRENT_PROJECT_VERSION = 1;
				DEVELOPMENT_ASSET_PATHS = "\"AITherapist/Preview Content\"";
				DEVELOPMENT_TEAM = 5RNKPV8U8V;
				ENABLE_HARDENED_RUNTIME = YES;
				ENABLE_PREVIEWS = YES;
				GENERATE_INFOPLIST_FILE = YES;
				INFOPLIST_FILE = AITherapist/Info.plist;
				"INFOPLIST_KEY_UIApplicationSceneManifest_Generation[sdk=iphoneos*]" = YES;
				"INFOPLIST_KEY_UIApplicationSceneManifest_Generation[sdk=iphonesimulator*]" = YES;
				"INFOPLIST_KEY_UIApplicationSupportsIndirectInputEvents[sdk=iphoneos*]" = YES;
				"INFOPLIST_KEY_UIApplicationSupportsIndirectInputEvents[sdk=iphonesimulator*]" = YES;
				"INFOPLIST_KEY_UILaunchScreen_Generation[sdk=iphoneos*]" = YES;
				"INFOPLIST_KEY_UILaunchScreen_Generation[sdk=iphonesimulator*]" = YES;
				"INFOPLIST_KEY_UIStatusBarStyle[sdk=iphoneos*]" = UIStatusBarStyleDefault;
				"INFOPLIST_KEY_UIStatusBarStyle[sdk=iphonesimulator*]" = UIStatusBarStyleDefault;
				INFOPLIST_KEY_UISupportedInterfaceOrientations_iPad = "UIInterfaceOrientationPortrait UIInterfaceOrientationPortraitUpsideDown UIInterfaceOrientationLandscapeLeft UIInterfaceOrientationLandscapeRight";
				INFOPLIST_KEY_UISupportedInterfaceOrientations_iPhone = "UIInterfaceOrientationPortrait UIInterfaceOrientationLandscapeLeft UIInterfaceOrientationLandscapeRight";
				IPHONEOS_DEPLOYMENT_TARGET = 16.0;
				LD_RUNPATH_SEARCH_PATHS = "@executable_path/Frameworks";
				"LD_RUNPATH_SEARCH_PATHS[sdk=macosx*]" = "@executable_path/../Frameworks";
				MACOSX_DEPLOYMENT_TARGET = 14.4;
				MARKETING_VERSION = 1.0;
				PRODUCT_BUNDLE_IDENTIFIER = com.sg.manimau.aitherapist;
				PRODUCT_NAME = "$(TARGET_NAME)";
				SDKROOT = auto;
				SUPPORTED_PLATFORMS = "iphoneos iphonesimulator";
				SUPPORTS_MACCATALYST = NO;
				SWIFT_EMIT_LOC_STRINGS = YES;
				SWIFT_VERSION = 5.0;
				TARGETED_DEVICE_FAMILY = "1,2";
			};
			name = Debug;
		};
		66EE200B2C5E20A30022E10C /* Release */ = {
			isa = XCBuildConfiguration;
			buildSettings = {
				ASSETCATALOG_COMPILER_APPICON_NAME = AppIcon;
				ASSETCATALOG_COMPILER_GLOBAL_ACCENT_COLOR_NAME = AccentColor;
				CODE_SIGN_ENTITLEMENTS = AITherapist/AITherapist.entitlements;
				CODE_SIGN_STYLE = Automatic;
				CURRENT_PROJECT_VERSION = 1;
				DEVELOPMENT_ASSET_PATHS = "\"AITherapist/Preview Content\"";
				DEVELOPMENT_TEAM = 5RNKPV8U8V;
				ENABLE_HARDENED_RUNTIME = YES;
				ENABLE_PREVIEWS = YES;
				GENERATE_INFOPLIST_FILE = YES;
				INFOPLIST_FILE = AITherapist/Info.plist;
				"INFOPLIST_KEY_UIApplicationSceneManifest_Generation[sdk=iphoneos*]" = YES;
				"INFOPLIST_KEY_UIApplicationSceneManifest_Generation[sdk=iphonesimulator*]" = YES;
				"INFOPLIST_KEY_UIApplicationSupportsIndirectInputEvents[sdk=iphoneos*]" = YES;
				"INFOPLIST_KEY_UIApplicationSupportsIndirectInputEvents[sdk=iphonesimulator*]" = YES;
				"INFOPLIST_KEY_UILaunchScreen_Generation[sdk=iphoneos*]" = YES;
				"INFOPLIST_KEY_UILaunchScreen_Generation[sdk=iphonesimulator*]" = YES;
				"INFOPLIST_KEY_UIStatusBarStyle[sdk=iphoneos*]" = UIStatusBarStyleDefault;
				"INFOPLIST_KEY_UIStatusBarStyle[sdk=iphonesimulator*]" = UIStatusBarStyleDefault;
				INFOPLIST_KEY_UISupportedInterfaceOrientations_iPad = "UIInterfaceOrientationPortrait UIInterfaceOrientationPortraitUpsideDown UIInterfaceOrientationLandscapeLeft UIInterfaceOrientationLandscapeRight";
				INFOPLIST_KEY_UISupportedInterfaceOrientations_iPhone = "UIInterfaceOrientationPortrait UIInterfaceOrientationLandscapeLeft UIInterfaceOrientationLandscapeRight";
				IPHONEOS_DEPLOYMENT_TARGET = 16.0;
				LD_RUNPATH_SEARCH_PATHS = "@executable_path/Frameworks";
				"LD_RUNPATH_SEARCH_PATHS[sdk=macosx*]" = "@executable_path/../Frameworks";
				MACOSX_DEPLOYMENT_TARGET = 14.4;
				MARKETING_VERSION = 1.0;
				PRODUCT_BUNDLE_IDENTIFIER = com.sg.manimau.aitherapist;
				PRODUCT_NAME = "$(TARGET_NAME)";
				SDKROOT = auto;
				SUPPORTED_PLATFORMS = "iphoneos iphonesimulator";
				SUPPORTS_MACCATALYST = NO;
				SWIFT_EMIT_LOC_STRINGS = YES;
				SWIFT_VERSION = 5.0;
				TARGETED_DEVICE_FAMILY = "1,2";
			};
			name = Release;
		};
		66EE200D2C5E20A30022E10C /* Debug */ = {
			isa = XCBuildConfiguration;
			buildSettings = {
				ALWAYS_EMBED_SWIFT_STANDARD_LIBRARIES = YES;
				BUNDLE_LOADER = "$(TEST_HOST)";
				CODE_SIGN_STYLE = Automatic;
				CURRENT_PROJECT_VERSION = 1;
				DEVELOPMENT_TEAM = 5RNKPV8U8V;
				GENERATE_INFOPLIST_FILE = YES;
				IPHONEOS_DEPLOYMENT_TARGET = 17.5;
				MACOSX_DEPLOYMENT_TARGET = 14.4;
				MARKETING_VERSION = 1.0;
				PRODUCT_BUNDLE_IDENTIFIER = com.manimau.AITherapistTests;
				PRODUCT_NAME = "$(TARGET_NAME)";
				SDKROOT = auto;
				SUPPORTED_PLATFORMS = "iphoneos iphonesimulator macosx";
				SWIFT_EMIT_LOC_STRINGS = NO;
				SWIFT_VERSION = 5.0;
				TARGETED_DEVICE_FAMILY = "1,2";
				TEST_HOST = "$(BUILT_PRODUCTS_DIR)/AITherapist.app/$(BUNDLE_EXECUTABLE_FOLDER_PATH)/AITherapist";
			};
			name = Debug;
		};
		66EE200E2C5E20A30022E10C /* Release */ = {
			isa = XCBuildConfiguration;
			buildSettings = {
				ALWAYS_EMBED_SWIFT_STANDARD_LIBRARIES = YES;
				BUNDLE_LOADER = "$(TEST_HOST)";
				CODE_SIGN_STYLE = Automatic;
				CURRENT_PROJECT_VERSION = 1;
				DEVELOPMENT_TEAM = 5RNKPV8U8V;
				GENERATE_INFOPLIST_FILE = YES;
				IPHONEOS_DEPLOYMENT_TARGET = 17.5;
				MACOSX_DEPLOYMENT_TARGET = 14.4;
				MARKETING_VERSION = 1.0;
				PRODUCT_BUNDLE_IDENTIFIER = com.manimau.AITherapistTests;
				PRODUCT_NAME = "$(TARGET_NAME)";
				SDKROOT = auto;
				SUPPORTED_PLATFORMS = "iphoneos iphonesimulator macosx";
				SWIFT_EMIT_LOC_STRINGS = NO;
				SWIFT_VERSION = 5.0;
				TARGETED_DEVICE_FAMILY = "1,2";
				TEST_HOST = "$(BUILT_PRODUCTS_DIR)/AITherapist.app/$(BUNDLE_EXECUTABLE_FOLDER_PATH)/AITherapist";
			};
			name = Release;
		};
		66EE20102C5E20A30022E10C /* Debug */ = {
			isa = XCBuildConfiguration;
			buildSettings = {
				ALWAYS_EMBED_SWIFT_STANDARD_LIBRARIES = YES;
				CODE_SIGN_STYLE = Automatic;
				CURRENT_PROJECT_VERSION = 1;
				DEVELOPMENT_TEAM = 5RNKPV8U8V;
				GENERATE_INFOPLIST_FILE = YES;
				IPHONEOS_DEPLOYMENT_TARGET = 17.5;
				MACOSX_DEPLOYMENT_TARGET = 14.4;
				MARKETING_VERSION = 1.0;
				PRODUCT_BUNDLE_IDENTIFIER = com.manimau.AITherapistUITests;
				PRODUCT_NAME = "$(TARGET_NAME)";
				SDKROOT = auto;
				SUPPORTED_PLATFORMS = "iphoneos iphonesimulator macosx";
				SWIFT_EMIT_LOC_STRINGS = NO;
				SWIFT_VERSION = 5.0;
				TARGETED_DEVICE_FAMILY = "1,2";
				TEST_TARGET_NAME = AITherapist;
			};
			name = Debug;
		};
		66EE20112C5E20A30022E10C /* Release */ = {
			isa = XCBuildConfiguration;
			buildSettings = {
				ALWAYS_EMBED_SWIFT_STANDARD_LIBRARIES = YES;
				CODE_SIGN_STYLE = Automatic;
				CURRENT_PROJECT_VERSION = 1;
				DEVELOPMENT_TEAM = 5RNKPV8U8V;
				GENERATE_INFOPLIST_FILE = YES;
				IPHONEOS_DEPLOYMENT_TARGET = 17.5;
				MACOSX_DEPLOYMENT_TARGET = 14.4;
				MARKETING_VERSION = 1.0;
				PRODUCT_BUNDLE_IDENTIFIER = com.manimau.AITherapistUITests;
				PRODUCT_NAME = "$(TARGET_NAME)";
				SDKROOT = auto;
				SUPPORTED_PLATFORMS = "iphoneos iphonesimulator macosx";
				SWIFT_EMIT_LOC_STRINGS = NO;
				SWIFT_VERSION = 5.0;
				TARGETED_DEVICE_FAMILY = "1,2";
				TEST_TARGET_NAME = AITherapist;
			};
			name = Release;
		};
/* End XCBuildConfiguration section */

/* Begin XCConfigurationList section */
		66EE1FDF2C5E20A20022E10C /* Build configuration list for PBXProject "AITherapist" */ = {
			isa = XCConfigurationList;
			buildConfigurations = (
				66EE20072C5E20A30022E10C /* Debug */,
				66EE20082C5E20A30022E10C /* Release */,
			);
			defaultConfigurationIsVisible = 0;
			defaultConfigurationName = Release;
		};
		66EE20092C5E20A30022E10C /* Build configuration list for PBXNativeTarget "AITherapist" */ = {
			isa = XCConfigurationList;
			buildConfigurations = (
				66EE200A2C5E20A30022E10C /* Debug */,
				66EE200B2C5E20A30022E10C /* Release */,
			);
			defaultConfigurationIsVisible = 0;
			defaultConfigurationName = Release;
		};
		66EE200C2C5E20A30022E10C /* Build configuration list for PBXNativeTarget "AITherapistTests" */ = {
			isa = XCConfigurationList;
			buildConfigurations = (
				66EE200D2C5E20A30022E10C /* Debug */,
				66EE200E2C5E20A30022E10C /* Release */,
			);
			defaultConfigurationIsVisible = 0;
			defaultConfigurationName = Release;
		};
		66EE200F2C5E20A30022E10C /* Build configuration list for PBXNativeTarget "AITherapistUITests" */ = {
			isa = XCConfigurationList;
			buildConfigurations = (
				66EE20102C5E20A30022E10C /* Debug */,
				66EE20112C5E20A30022E10C /* Release */,
			);
			defaultConfigurationIsVisible = 0;
			defaultConfigurationName = Release;
		};
/* End XCConfigurationList section */

/* Begin XCRemoteSwiftPackageReference section */
		6601DA392C88C0B400EBADDA /* XCRemoteSwiftPackageReference "firebase-ios-sdk" */ = {
			isa = XCRemoteSwiftPackageReference;
			repositoryURL = "https://github.com/firebase/firebase-ios-sdk";
			requirement = {
				kind = upToNextMajorVersion;
				minimumVersion = 11.1.0;
			};
		};
		6639942A2C93092800570E56 /* XCRemoteSwiftPackageReference "AdaptySDK-iOS" */ = {
			isa = XCRemoteSwiftPackageReference;
			repositoryURL = "https://github.com/adaptyteam/AdaptySDK-iOS.git";
			requirement = {
				kind = upToNextMajorVersion;
				minimumVersion = 3.0.3;
			};
		};
		6677EA3A2C6868C200210D6A /* XCRemoteSwiftPackageReference "Alamofire" */ = {
			isa = XCRemoteSwiftPackageReference;
			repositoryURL = "https://github.com/Alamofire/Alamofire";
			requirement = {
				kind = upToNextMajorVersion;
				minimumVersion = 5.9.1;
			};
		};
		6677EA3F2C68699B00210D6A /* XCRemoteSwiftPackageReference "Resolver" */ = {
			isa = XCRemoteSwiftPackageReference;
			repositoryURL = "https://github.com/hmlongco/Resolver";
			requirement = {
				kind = upToNextMajorVersion;
				minimumVersion = 1.5.1;
			};
		};
		6677EA442C68751500210D6A /* XCRemoteSwiftPackageReference "GoogleSignIn-iOS" */ = {
			isa = XCRemoteSwiftPackageReference;
			repositoryURL = "https://github.com/google/GoogleSignIn-iOS";
			requirement = {
				kind = upToNextMajorVersion;
				minimumVersion = 7.1.0;
			};
		};
/* End XCRemoteSwiftPackageReference section */

/* Begin XCSwiftPackageProductDependency section */
		6601DA3A2C88C0B400EBADDA /* FirebaseDatabase */ = {
			isa = XCSwiftPackageProductDependency;
			package = 6601DA392C88C0B400EBADDA /* XCRemoteSwiftPackageReference "firebase-ios-sdk" */;
			productName = FirebaseDatabase;
		};
		6601DA3C2C88C0B400EBADDA /* FirebaseFirestore */ = {
			isa = XCSwiftPackageProductDependency;
			package = 6601DA392C88C0B400EBADDA /* XCRemoteSwiftPackageReference "firebase-ios-sdk" */;
			productName = FirebaseFirestore;
		};
		6601DA3E2C88C0B400EBADDA /* FirebaseMessaging */ = {
			isa = XCSwiftPackageProductDependency;
			package = 6601DA392C88C0B400EBADDA /* XCRemoteSwiftPackageReference "firebase-ios-sdk" */;
			productName = FirebaseMessaging;
		};
		6601DA402C88C0B400EBADDA /* FirebaseStorage */ = {
			isa = XCSwiftPackageProductDependency;
			package = 6601DA392C88C0B400EBADDA /* XCRemoteSwiftPackageReference "firebase-ios-sdk" */;
			productName = FirebaseStorage;
		};
		6639942B2C93092800570E56 /* Adapty */ = {
			isa = XCSwiftPackageProductDependency;
			package = 6639942A2C93092800570E56 /* XCRemoteSwiftPackageReference "AdaptySDK-iOS" */;
			productName = Adapty;
		};
		6639942D2C93092800570E56 /* AdaptyUI */ = {
			isa = XCSwiftPackageProductDependency;
			package = 6639942A2C93092800570E56 /* XCRemoteSwiftPackageReference "AdaptySDK-iOS" */;
			productName = AdaptyUI;
		};
		6677EA3B2C6868C200210D6A /* Alamofire */ = {
			isa = XCSwiftPackageProductDependency;
			package = 6677EA3A2C6868C200210D6A /* XCRemoteSwiftPackageReference "Alamofire" */;
			productName = Alamofire;
		};
		6677EA402C68699B00210D6A /* Resolver */ = {
			isa = XCSwiftPackageProductDependency;
			package = 6677EA3F2C68699B00210D6A /* XCRemoteSwiftPackageReference "Resolver" */;
			productName = Resolver;
		};
		6677EA452C68751500210D6A /* GoogleSignIn */ = {
			isa = XCSwiftPackageProductDependency;
			package = 6677EA442C68751500210D6A /* XCRemoteSwiftPackageReference "GoogleSignIn-iOS" */;
			productName = GoogleSignIn;
		};
/* End XCSwiftPackageProductDependency section */
	};
	rootObject = 66EE1FDC2C5E20A20022E10C /* Project object */;
}
